
Microsoft Visual Studio Solution File, Format Version 12.00
# Visual Studio Version 16
VisualStudioVersion = 16.0.28803.202
MinimumVisualStudioVersion = 10.0.40219.1
Project("{FAE04EC0-301F-11D3-BF4B-00C04F79EFBC}") = "TPLVsWhenAll", "TPLVsWhenAll\TPLVsWhenAll.csproj", "{54B57DEA-2B0D-4B74-948F-78567D2D7025}"
EndProject
Global
	GlobalSection(SolutionConfigurationPlatforms) = preSolution
		Debug|Any CPU = Debug|Any CPU
		Release|Any CPU = Release|Any CPU
	EndGlobalSection
	GlobalSection(ProjectConfigurationPlatforms) = postSolution
		{54B57DEA-2B0D-4B74-948F-78567D2D7025}.Debug|Any CPU.ActiveCfg = Debug|Any CPU
		{54B57DEA-2B0D-4B74-948F-78567D2D7025}.Debug|Any CPU.Build.0 = Debug|Any CPU
		{54B57DEA-2B0D-4B74-948F-78567D2D7025}.Release|Any CPU.ActiveCfg = Release|Any CPU
		{54B57DEA-2B0D-4B74-948F-78567D2D7025}.Release|Any CPU.Build.0 = Release|Any CPU
	EndGlobalSection
	GlobalSection(SolutionProperties) = preSolution
		HideSolutionNode = FALSE
	EndGlobalSection
	GlobalSection(ExtensibilityGlobals) = postSolution
		SolutionGuid = {1CE017F4-AE47-49A5-B729-9FEA2A968684}
	EndGlobalSection
EndGlobal
